// !$*UTF8*$!
{
	archiveVersion = 1;
	classes = {
	};
	objectVersion = 77;
	objects = {

/* Begin PBXBuildFile section */
		46CEC7272EAC8AD1005EBDD5 /* ARKit.framework in Frameworks */ = {isa = PBXBuildFile; fileRef = 46CEC7262EAC8AD1005EBDD5 /* ARKit.framework */; };
/* End PBXBuildFile section */

/* Begin PBXContainerItemProxy section */
		46CEC7082EAC89BD005EBDD5 /* PBXContainerItemProxy */ = {
			isa = PBXContainerItemProxy;
			containerPortal = 46CEC6E92EAC89BA005EBDD5 /* Project object */;
			proxyType = 1;
			remoteGlobalIDString = 46CEC6F02EAC89BA005EBDD5;
			remoteInfo = CameraMeasurementApp;
		};
		46CEC7122EAC89BD005EBDD5 /* PBXContainerItemProxy */ = {
			isa = PBXContainerItemProxy;
			containerPortal = 46CEC6E92EAC89BA005EBDD5 /* Project object */;
			proxyType = 1;
			remoteGlobalIDString = 46CEC6F02EAC89BA005EBDD5;
			remoteInfo = CameraMeasurementApp;
		};
/* End PBXContainerItemProxy section */

/* Begin PBXFileReference section */
		46CEC6F12EAC89BA005EBDD5 /* CameraMeasurementApp.app */ = {isa = PBXFileReference; explicitFileType = wrapper.application; includeInIndex = 0; path = CameraMeasurementApp.app; sourceTree = BUILT_PRODUCTS_DIR; };
		46CEC7072EAC89BD005EBDD5 /* CameraMeasurementAppTests.xctest */ = {isa = PBXFileReference; explicitFileType = wrapper.cfbundle; includeInIndex = 0; path = CameraMeasurementAppTests.xctest; sourceTree = BUILT_PRODUCTS_DIR; };
		46CEC7112EAC89BD005EBDD5 /* CameraMeasurementAppUITests.xctest */ = {isa = PBXFileReference; explicitFileType = wrapper.cfbundle; includeInIndex = 0; path = CameraMeasurementAppUITests.xctest; sourceTree = BUILT_PRODUCTS_DIR; };
		46CEC7262EAC8AD1005EBDD5 /* ARKit.framework */ = {isa = PBXFileReference; lastKnownFileType = wrapper.framework; name = ARKit.framework; path = System/Library/Frameworks/ARKit.framework; sourceTree = SDKROOT; };
/* End PBXFileReference section */

/* Begin PBXFileSystemSynchronizedBuildFileExceptionSet section */
		46CEC7192EAC89BD005EBDD5 /* Exceptions for "CameraMeasurementApp" folder in "CameraMeasurementApp" target */ = {
			isa = PBXFileSystemSynchronizedBuildFileExceptionSet;
			membershipExceptions = (
				Info.plist,
			);
			target = 46CEC6F02EAC89BA005EBDD5 /* CameraMeasurementApp */;
		};
/* End PBXFileSystemSynchronizedBuildFileExceptionSet section */

/* Begin PBXFileSystemSynchronizedRootGroup section */
		46CEC6F32EAC89BA005EBDD5 /* CameraMeasurementApp */ = {
			isa = PBXFileSystemSynchronizedRootGroup;
			exceptions = (
				46CEC7192EAC89BD005EBDD5 /* Exceptions for "CameraMeasurementApp" folder in "CameraMeasurementApp" target */,
			);
			path = CameraMeasurementApp;
			sourceTree = "<group>";
		};
		46CEC70A2EAC89BD005EBDD5 /* CameraMeasurementAppTests */ = {
			isa = PBXFileSystemSynchronizedRootGroup;
			path = CameraMeasurementAppTests;
			sourceTree = "<group>";
		};
		46CEC7142EAC89BD005EBDD5 /* CameraMeasurementAppUITests */ = {
			isa = PBXFileSystemSynchronizedRootGroup;
			path = CameraMeasurementAppUITests;
			sourceTree = "<group>";
		};
/* End PBXFileSystemSynchronizedRootGroup section */

/* Begin PBXFrameworksBuildPhase section */
		46CEC6EE2EAC89BA005EBDD5 /* Frameworks */ = {
			isa = PBXFrameworksBuildPhase;
			buildActionMask = 2147483647;
			files = (
				46CEC7272EAC8AD1005EBDD5 /* ARKit.framework in Frameworks */,
			);
			runOnlyForDeploymentPostprocessing = 0;
		};
		46CEC7042EAC89BD005EBDD5 /* Frameworks */ = {
			isa = PBXFrameworksBuildPhase;
			buildActionMask = 2147483647;
			files = (
			);
			runOnlyForDeploymentPostprocessing = 0;
		};
		46CEC70E2EAC89BD005EBDD5 /* Frameworks */ = {
			isa = PBXFrameworksBuildPhase;
			buildActionMask = 2147483647;
			files = (
			);
			runOnlyForDeploymentPostprocessing = 0;
		};
/* End PBXFrameworksBuildPhase section */

/* Begin PBXGroup section */
		46CEC6E82EAC89BA005EBDD5 = {
			isa = PBXGroup;
			children = (
				46CEC6F32EAC89BA005EBDD5 /* CameraMeasurementApp */,
				46CEC70A2EAC89BD005EBDD5 /* CameraMeasurementAppTests */,
				46CEC7142EAC89BD005EBDD5 /* CameraMeasurementAppUITests */,
				46CEC7252EAC8AD1005EBDD5 /* Frameworks */,
				46CEC6F22EAC89BA005EBDD5 /* Products */,
			);
			sourceTree = "<group>";
		};
		46CEC6F22EAC89BA005EBDD5 /* Products */ = {
			isa = PBXGroup;
			children = (
				46CEC6F12EAC89BA005EBDD5 /* CameraMeasurementApp.app */,
				46CEC7072EAC89BD005EBDD5 /* CameraMeasurementAppTests.xctest */,
				46CEC7112EAC89BD005EBDD5 /* CameraMeasurementAppUITests.xctest */,
			);
			name = Products;
			sourceTree = "<group>";
		};
		46CEC7252EAC8AD1005EBDD5 /* Frameworks */ = {
			isa = PBXGroup;
			children = (
				46CEC7262EAC8AD1005EBDD5 /* ARKit.framework */,
			);
			name = Frameworks;
			sourceTree = "<group>";
		};
/* End PBXGroup section */

/* Begin PBXNativeTarget section */
		46CEC6F02EAC89BA005EBDD5 /* CameraMeasurementApp */ = {
			isa = PBXNativeTarget;
			buildConfigurationList = 46CEC71A2EAC89BD005EBDD5 /* Build configuration list for PBXNativeTarget "CameraMeasurementApp" */;
			buildPhases = (
				46CEC6ED2EAC89BA005EBDD5 /* Sources */,
				46CEC6EE2EAC89BA005EBDD5 /* Frameworks */,
				46CEC6EF2EAC89BA005EBDD5 /* Resources */,
			);
			buildRules = (
			);
			dependencies = (
			);
			fileSystemSynchronizedGroups = (
				46CEC6F32EAC89BA005EBDD5 /* CameraMeasurementApp */,
			);
			name = CameraMeasurementApp;
			packageProductDependencies = (
			);
			productName = CameraMeasurementApp;
			productReference = 46CEC6F12EAC89BA005EBDD5 /* CameraMeasurementApp.app */;
			productType = "com.apple.product-type.application";
		};
		46CEC7062EAC89BD005EBDD5 /* CameraMeasurementAppTests */ = {
			isa = PBXNativeTarget;
			buildConfigurationList = 46CEC71F2EAC89BD005EBDD5 /* Build configuration list for PBXNativeTarget "CameraMeasurementAppTests" */;
			buildPhases = (
				46CEC7032EAC89BD005EBDD5 /* Sources */,
				46CEC7042EAC89BD005EBDD5 /* Frameworks */,
				46CEC7052EAC89BD005EBDD5 /* Resources */,
			);
			buildRules = (
			);
			dependencies = (
				46CEC7092EAC89BD005EBDD5 /* PBXTargetDependency */,
			);
			fileSystemSynchronizedGroups = (
				46CEC70A2EAC89BD005EBDD5 /* CameraMeasurementAppTests */,
			);
			name = CameraMeasurementAppTests;
			packageProductDependencies = (
			);
			productName = CameraMeasurementAppTests;
			productReference = 46CEC7072EAC89BD005EBDD5 /* CameraMeasurementAppTests.xctest */;
			productType = "com.apple.product-type.bundle.unit-test";
		};
		46CEC7102EAC89BD005EBDD5 /* CameraMeasurementAppUITests */ = {
			isa = PBXNativeTarget;
			buildConfigurationList = 46CEC7222EAC89BD005EBDD5 /* Build configuration list for PBXNativeTarget "CameraMeasurementAppUITests" */;
			buildPhases = (
				46CEC70D2EAC89BD005EBDD5 /* Sources */,
				46CEC70E2EAC89BD005EBDD5 /* Frameworks */,
				46CEC70F2EAC89BD005EBDD5 /* Resources */,
			);
			buildRules = (
			);
			dependencies = (
				46CEC7132EAC89BD005EBDD5 /* PBXTargetDependency */,
			);
			fileSystemSynchronizedGroups = (
				46CEC7142EAC89BD005EBDD5 /* CameraMeasurementAppUITests */,
			);
			name = CameraMeasurementAppUITests;
			packageProductDependencies = (
			);
			productName = CameraMeasurementAppUITests;
			productReference = 46CEC7112EAC89BD005EBDD5 /* CameraMeasurementAppUITests.xctest */;
			productType = "com.apple.product-type.bundle.ui-testing";
		};
/* End PBXNativeTarget section */

/* Begin PBXProject section */
		46CEC6E92EAC89BA005EBDD5 /* Project object */ = {
			isa = PBXProject;
			attributes = {
				BuildIndependentTargetsInParallel = 1;
				LastSwiftUpdateCheck = 1640;
				LastUpgradeCheck = 1640;
				TargetAttributes = {
					46CEC6F02EAC89BA005EBDD5 = {
						CreatedOnToolsVersion = 16.4;
					};
					46CEC7062EAC89BD005EBDD5 = {
						CreatedOnToolsVersion = 16.4;
						TestTargetID = 46CEC6F02EAC89BA005EBDD5;
					};
					46CEC7102EAC89BD005EBDD5 = {
						CreatedOnToolsVersion = 16.4;
						TestTargetID = 46CEC6F02EAC89BA005EBDD5;
					};
				};
			};
			buildConfigurationList = 46CEC6EC2EAC89BA005EBDD5 /* Build configuration list for PBXProject "CameraMeasurementApp" */;
			developmentRegion = en;
			hasScannedForEncodings = 0;
			knownRegions = (
				en,
				Base,
			);
			mainGroup = 46CEC6E82EAC89BA005EBDD5;
			minimizedProjectReferenceProxies = 1;
			preferredProjectObjectVersion = 77;
			productRefGroup = 46CEC6F22EAC89BA005EBDD5 /* Products */;
			projectDirPath = "";
			projectRoot = "";
			targets = (
				46CEC6F02EAC89BA005EBDD5 /* CameraMeasurementApp */,
				46CEC7062EAC89BD005EBDD5 /* CameraMeasurementAppTests */,
				46CEC7102EAC89BD005EBDD5 /* CameraMeasurementAppUITests */,
			);
		};
/* End PBXProject section */

/* Begin PBXResourcesBuildPhase section */
		46CEC6EF2EAC89BA005EBDD5 /* Resources */ = {
			isa = PBXResourcesBuildPhase;
			buildActionMask = 2147483647;
			files = (
			);
			runOnlyForDeploymentPostprocessing = 0;
		};
		46CEC7052EAC89BD005EBDD5 /* Resources */ = {
			isa = PBXResourcesBuildPhase;
			buildActionMask = 2147483647;
			files = (
			);
			runOnlyForDeploymentPostprocessing = 0;
		};
		46CEC70F2EAC89BD005EBDD5 /* Resources */ = {
			isa = PBXResourcesBuildPhase;
			buildActionMask = 2147483647;
			files = (
			);
			runOnlyForDeploymentPostprocessing = 0;
		};
/* End PBXResourcesBuildPhase section */

/* Begin PBXSourcesBuildPhase section */
		46CEC6ED2EAC89BA005EBDD5 /* Sources */ = {
			isa = PBXSourcesBuildPhase;
			buildActionMask = 2147483647;
			files = (
			);
			runOnlyForDeploymentPostprocessing = 0;
		};
		46CEC7032EAC89BD005EBDD5 /* Sources */ = {
			isa = PBXSourcesBuildPhase;
			buildActionMask = 2147483647;
			files = (
			);
			runOnlyForDeploymentPostprocessing = 0;
		};
		46CEC70D2EAC89BD005EBDD5 /* Sources */ = {
			isa = PBXSourcesBuildPhase;
			buildActionMask = 2147483647;
			files = (
			);
			runOnlyForDeploymentPostprocessing = 0;
		};
/* End PBXSourcesBuildPhase section */

/* Begin PBXTargetDependency section */
		46CEC7092EAC89BD005EBDD5 /* PBXTargetDependency */ = {
			isa = PBXTargetDependency;
			target = 46CEC6F02EAC89BA005EBDD5 /* CameraMeasurementApp */;
			targetProxy = 46CEC7082EAC89BD005EBDD5 /* PBXContainerItemProxy */;
		};
		46CEC7132EAC89BD005EBDD5 /* PBXTargetDependency */ = {
			isa = PBXTargetDependency;
			target = 46CEC6F02EAC89BA005EBDD5 /* CameraMeasurementApp */;
			targetProxy = 46CEC7122EAC89BD005EBDD5 /* PBXContainerItemProxy */;
		};
/* End PBXTargetDependency section */

/* Begin XCBuildConfiguration section */
		46CEC71B2EAC89BD005EBDD5 /* Debug */ = {
			isa = XCBuildConfiguration;
			buildSettings = {
				ASSETCATALOG_COMPILER_APPICON_NAME = AppIcon;
				ASSETCATALOG_COMPILER_GLOBAL_ACCENT_COLOR_NAME = AccentColor;
				CODE_SIGN_STYLE = Automatic;
				CURRENT_PROJECT_VERSION = 1;
				DEVELOPMENT_TEAM = HAHR86V8E7;
				GENERATE_INFOPLIST_FILE = YES;
				INFOPLIST_FILE = CameraMeasurementApp/Info.plist;
				INFOPLIST_KEY_UIApplicationSupportsIndirectInputEvents = YES;
				INFOPLIST_KEY_UILaunchStoryboardName = LaunchScreen;
				INFOPLIST_KEY_UIMainStoryboardFile = Main;
				INFOPLIST_KEY_UISupportedInterfaceOrientations_iPad = "UIInterfaceOrientationPortrait UIInterfaceOrientationPortraitUpsideDown UIInterfaceOrientationLandscapeLeft UIInterfaceOrientationLandscapeRight";
				INFOPLIST_KEY_UISupportedInterfaceOrientations_iPhone = "UIInterfaceOrientationPortrait UIInterfaceOrientationLandscapeLeft UIInterfaceOrientationLandscapeRight";
				IPHONEOS_DEPLOYMENT_TARGET = 16.6;
				LD_RUNPATH_SEARCH_PATHS = (
					"$(inherited)",
					"@executable_path/Frameworks",
				);
				MARKETING_VERSION = 1.0;
				PRODUCT_BUNDLE_IDENTIFIER = chungyueh.CameraMeasurementApp;
				PRODUCT_NAME = "$(TARGET_NAME)";
				SWIFT_EMIT_LOC_STRINGS = YES;
				SWIFT_VERSION = 5.0;
				TARGETED_DEVICE_FAMILY = "1,2";
			};
			name = Debug;
		};
		46CEC71C2EAC89BD005EBDD5 /* Release */ = {
			isa = XCBuildConfiguration;
			buildSettings = {
				ASSETCATALOG_COMPILER_APPICON_NAME = AppIcon;
				ASSETCATALOG_COMPILER_GLOBAL_ACCENT_COLOR_NAME = AccentColor;
				CODE_SIGN_STYLE = Automatic;
				CURRENT_PROJECT_VERSION = 1;
				DEVELOPMENT_TEAM = HAHR86V8E7;
				GENERATE_INFOPLIST_FILE = YES;
				INFOPLIST_FILE = CameraMeasurementApp/Info.plist;
				INFOPLIST_KEY_UIApplicationSupportsIndirectInputEvents = YES;
				INFOPLIST_KEY_UILaunchStoryboardName = LaunchScreen;
				INFOPLIST_KEY_UIMainStoryboardFile = Main;
				INFOPLIST_KEY_UISupportedInterfaceOrientations_iPad = "UIInterfaceOrientationPortrait UIInterfaceOrientationPortraitUpsideDown UIInterfaceOrientationLandscapeLeft UIInterfaceOrientationLandscapeRight";
				INFOPLIST_KEY_UISupportedInterfaceOrientations_iPhone = "UIInterfaceOrientationPortrait UIInterfaceOrientationLandscapeLeft UIInterfaceOrientationLandscapeRight";
				IPHONEOS_DEPLOYMENT_TARGET = 16.6;
				LD_RUNPATH_SEARCH_PATHS = (
					"$(inherited)",
					"@executable_path/Frameworks",
				);
				MARKETING_VERSION = 1.0;
				PRODUCT_BUNDLE_IDENTIFIER = chungyueh.CameraMeasurementApp;
				PRODUCT_NAME = "$(TARGET_NAME)";
				SWIFT_EMIT_LOC_STRINGS = YES;
				SWIFT_VERSION = 5.0;
				TARGETED_DEVICE_FAMILY = "1,2";
			};
			name = Release;
		};
		46CEC71D2EAC89BD005EBDD5 /* Debug */ = {
			isa = XCBuildConfiguration;
			buildSettings = {
				ALWAYS_SEARCH_USER_PATHS = NO;
				ASSETCATALOG_COMPILER_GENERATE_SWIFT_ASSET_SYMBOL_EXTENSIONS = YES;
				CLANG_ANALYZER_NONNULL = YES;
				CLANG_ANALYZER_NUMBER_OBJECT_CONVERSION = YES_AGGRESSIVE;
				CLANG_CXX_LANGUAGE_STANDARD = "gnu++20";
				CLANG_ENABLE_MODULES = YES;
				CLANG_ENABLE_OBJC_ARC = YES;
				CLANG_ENABLE_OBJC_WEAK = YES;
				CLANG_WARN_BLOCK_CAPTURE_AUTORELEASING = YES;
				CLANG_WARN_BOOL_CONVERSION = YES;
				CLANG_WARN_COMMA = YES;
				CLANG_WARN_CONSTANT_CONVERSION = YES;
				CLANG_WARN_DEPRECATED_OBJC_IMPLEMENTATIONS = YES;
				CLANG_WARN_DIRECT_OBJC_ISA_USAGE = YES_ERROR;
				CLANG_WARN_DOCUMENTATION_COMMENTS = YES;
				CLANG_WARN_EMPTY_BODY = YES;
				CLANG_WARN_ENUM_CONVERSION = YES;
				CLANG_WARN_INFINITE_RECURSION = YES;
				CLANG_WARN_INT_CONVERSION = YES;
				CLANG_WARN_NON_LITERAL_NULL_CONVERSION = YES;
				CLANG_WARN_OBJC_IMPLICIT_RETAIN_SELF = YES;
				CLANG_WARN_OBJC_LITERAL_CONVERSION = YES;
				CLANG_WARN_OBJC_ROOT_CLASS = YES_ERROR;
				CLANG_WARN_QUOTED_INCLUDE_IN_FRAMEWORK_HEADER = YES;
				CLANG_WARN_RANGE_LOOP_ANALYSIS = YES;
				CLANG_WARN_STRICT_PROTOTYPES = YES;
				CLANG_WARN_SUSPICIOUS_MOVE = YES;
				CLANG_WARN_UNGUARDED_AVAILABILITY = YES_AGGRESSIVE;
				CLANG_WARN_UNREACHABLE_CODE = YES;
				CLANG_WARN__DUPLICATE_METHOD_MATCH = YES;
				COPY_PHASE_STRIP = NO;
				DEBUG_INFORMATION_FORMAT = dwarf;
				ENABLE_STRICT_OBJC_MSGSEND = YES;
				ENABLE_TESTABILITY = YES;
				ENABLE_USER_SCRIPT_SANDBOXING = YES;
				GCC_C_LANGUAGE_STANDARD = gnu17;
				GCC_DYNAMIC_NO_PIC = NO;
				GCC_NO_COMMON_BLOCKS = YES;
				GCC_OPTIMIZATION_LEVEL = 0;
				GCC_PREPROCESSOR_DEFINITIONS = (
					"DEBUG=1",
					"$(inherited)",
				);
				GCC_WARN_64_TO_32_BIT_CONVERSION = YES;
				GCC_WARN_ABOUT_RETURN_TYPE = YES_ERROR;
				GCC_WARN_UNDECLARED_SELECTOR = YES;
				GCC_WARN_UNINITIALIZED_AUTOS = YES_AGGRESSIVE;
				GCC_WARN_UNUSED_FUNCTION = YES;
				GCC_WARN_UNUSED_VARIABLE = YES;
				IPHONEOS_DEPLOYMENT_TARGET = 18.5;
				LOCALIZATION_PREFERS_STRING_CATALOGS = YES;
				MTL_ENABLE_DEBUG_INFO = INCLUDE_SOURCE;
				MTL_FAST_MATH = YES;
				ONLY_ACTIVE_ARCH = YES;
				SDKROOT = iphoneos;
				SWIFT_ACTIVE_COMPILATION_CONDITIONS = "DEBUG $(inherited)";
				SWIFT_OPTIMIZATION_LEVEL = "-Onone";
			};
			name = Debug;
		};
		46CEC71E2EAC89BD005EBDD5 /* Release */ = {
			isa = XCBuildConfiguration;
			buildSettings = {
				ALWAYS_SEARCH_USER_PATHS = NO;
				ASSETCATALOG_COMPILER_GENERATE_SWIFT_ASSET_SYMBOL_EXTENSIONS = YES;
				CLANG_ANALYZER_NONNULL = YES;
				CLANG_ANALYZER_NUMBER_OBJECT_CONVERSION = YES_AGGRESSIVE;
				CLANG_CXX_LANGUAGE_STANDARD = "gnu++20";
				CLANG_ENABLE_MODULES = YES;
				CLANG_ENABLE_OBJC_ARC = YES;
				CLANG_ENABLE_OBJC_WEAK = YES;
				CLANG_WARN_BLOCK_CAPTURE_AUTORELEASING = YES;
				CLANG_WARN_BOOL_CONVERSION = YES;
				CLANG_WARN_COMMA = YES;
				CLANG_WARN_CONSTANT_CONVERSION = YES;
				CLANG_WARN_DEPRECATED_OBJC_IMPLEMENTATIONS = YES;
				CLANG_WARN_DIRECT_OBJC_ISA_USAGE = YES_ERROR;
				CLANG_WARN_DOCUMENTATION_COMMENTS = YES;
				CLANG_WARN_EMPTY_BODY = YES;
				CLANG_WARN_ENUM_CONVERSION = YES;
				CLANG_WARN_INFINITE_RECURSION = YES;
				CLANG_WARN_INT_CONVERSION = YES;
				CLANG_WARN_NON_LITERAL_NULL_CONVERSION = YES;
				CLANG_WARN_OBJC_IMPLICIT_RETAIN_SELF = YES;
				CLANG_WARN_OBJC_LITERAL_CONVERSION = YES;
				CLANG_WARN_OBJC_ROOT_CLASS = YES_ERROR;
				CLANG_WARN_QUOTED_INCLUDE_IN_FRAMEWORK_HEADER = YES;
				CLANG_WARN_RANGE_LOOP_ANALYSIS = YES;
				CLANG_WARN_STRICT_PROTOTYPES = YES;
				CLANG_WARN_SUSPICIOUS_MOVE = YES;
				CLANG_WARN_UNGUARDED_AVAILABILITY = YES_AGGRESSIVE;
				CLANG_WARN_UNREACHABLE_CODE = YES;
				CLANG_WARN__DUPLICATE_METHOD_MATCH = YES;
				COPY_PHASE_STRIP = NO;
				DEBUG_INFORMATION_FORMAT = "dwarf-with-dsym";
				ENABLE_NS_ASSERTIONS = NO;
				ENABLE_STRICT_OBJC_MSGSEND = YES;
				ENABLE_USER_SCRIPT_SANDBOXING = YES;
				GCC_C_LANGUAGE_STANDARD = gnu17;
				GCC_NO_COMMON_BLOCKS = YES;
				GCC_WARN_64_TO_32_BIT_CONVERSION = YES;
				GCC_WARN_ABOUT_RETURN_TYPE = YES_ERROR;
				GCC_WARN_UNDECLARED_SELECTOR = YES;
				GCC_WARN_UNINITIALIZED_AUTOS = YES_AGGRESSIVE;
				GCC_WARN_UNUSED_FUNCTION = YES;
				GCC_WARN_UNUSED_VARIABLE = YES;
				IPHONEOS_DEPLOYMENT_TARGET = 18.5;
				LOCALIZATION_PREFERS_STRING_CATALOGS = YES;
				MTL_ENABLE_DEBUG_INFO = NO;
				MTL_FAST_MATH = YES;
				SDKROOT = iphoneos;
				SWIFT_COMPILATION_MODE = wholemodule;
				VALIDATE_PRODUCT = YES;
			};
			name = Release;
		};
		46CEC7202EAC89BD005EBDD5 /* Debug */ = {
			isa = XCBuildConfiguration;
			buildSettings = {
				BUNDLE_LOADER = "$(TEST_HOST)";
				CODE_SIGN_STYLE = Automatic;
				CURRENT_PROJECT_VERSION = 1;
				GENERATE_INFOPLIST_FILE = YES;
				IPHONEOS_DEPLOYMENT_TARGET = 18.5;
				MARKETING_VERSION = 1.0;
				PRODUCT_BUNDLE_IDENTIFIER = chungyueh.CameraMeasurementAppTests;
				PRODUCT_NAME = "$(TARGET_NAME)";
				SWIFT_EMIT_LOC_STRINGS = NO;
				SWIFT_VERSION = 5.0;
				TARGETED_DEVICE_FAMILY = "1,2";
				TEST_HOST = "$(BUILT_PRODUCTS_DIR)/CameraMeasurementApp.app/$(BUNDLE_EXECUTABLE_FOLDER_PATH)/CameraMeasurementApp";
			};
			name = Debug;
		};
		46CEC7212EAC89BD005EBDD5 /* Release */ = {
			isa = XCBuildConfiguration;
			buildSettings = {
				BUNDLE_LOADER = "$(TEST_HOST)";
				CODE_SIGN_STYLE = Automatic;
				CURRENT_PROJECT_VERSION = 1;
				GENERATE_INFOPLIST_FILE = YES;
				IPHONEOS_DEPLOYMENT_TARGET = 18.5;
				MARKETING_VERSION = 1.0;
				PRODUCT_BUNDLE_IDENTIFIER = chungyueh.CameraMeasurementAppTests;
				PRODUCT_NAME = "$(TARGET_NAME)";
				SWIFT_EMIT_LOC_STRINGS = NO;
				SWIFT_VERSION = 5.0;
				TARGETED_DEVICE_FAMILY = "1,2";
				TEST_HOST = "$(BUILT_PRODUCTS_DIR)/CameraMeasurementApp.app/$(BUNDLE_EXECUTABLE_FOLDER_PATH)/CameraMeasurementApp";
			};
			name = Release;
		};
		46CEC7232EAC89BD005EBDD5 /* Debug */ = {
			isa = XCBuildConfiguration;
			buildSettings = {
				CODE_SIGN_STYLE = Automatic;
				CURRENT_PROJECT_VERSION = 1;
				GENERATE_INFOPLIST_FILE = YES;
				MARKETING_VERSION = 1.0;
				PRODUCT_BUNDLE_IDENTIFIER = chungyueh.CameraMeasurementAppUITests;
				PRODUCT_NAME = "$(TARGET_NAME)";
				SWIFT_EMIT_LOC_STRINGS = NO;
				SWIFT_VERSION = 5.0;
				TARGETED_DEVICE_FAMILY = "1,2";
				TEST_TARGET_NAME = CameraMeasurementApp;
			};
			name = Debug;
		};
		46CEC7242EAC89BD005EBDD5 /* Release */ = {
			isa = XCBuildConfiguration;
			buildSettings = {
				CODE_SIGN_STYLE = Automatic;
				CURRENT_PROJECT_VERSION = 1;
				GENERATE_INFOPLIST_FILE = YES;
				MARKETING_VERSION = 1.0;
				PRODUCT_BUNDLE_IDENTIFIER = chungyueh.CameraMeasurementAppUITests;
				PRODUCT_NAME = "$(TARGET_NAME)";
				SWIFT_EMIT_LOC_STRINGS = NO;
				SWIFT_VERSION = 5.0;
				TARGETED_DEVICE_FAMILY = "1,2";
				TEST_TARGET_NAME = CameraMeasurementApp;
			};
			name = Release;
		};
/* End XCBuildConfiguration section */

/* Begin XCConfigurationList section */
		46CEC6EC2EAC89BA005EBDD5 /* Build configuration list for PBXProject "CameraMeasurementApp" */ = {
			isa = XCConfigurationList;
			buildConfigurations = (
				46CEC71D2EAC89BD005EBDD5 /* Debug */,
				46CEC71E2EAC89BD005EBDD5 /* Release */,
			);
			defaultConfigurationIsVisible = 0;
			defaultConfigurationName = Release;
		};
		46CEC71A2EAC89BD005EBDD5 /* Build configuration list for PBXNativeTarget "CameraMeasurementApp" */ = {
			isa = XCConfigurationList;
			buildConfigurations = (
				46CEC71B2EAC89BD005EBDD5 /* Debug */,
				46CEC71C2EAC89BD005EBDD5 /* Release */,
			);
			defaultConfigurationIsVisible = 0;
			defaultConfigurationName = Release;
		};
		46CEC71F2EAC89BD005EBDD5 /* Build configuration list for PBXNativeTarget "CameraMeasurementAppTests" */ = {
			isa = XCConfigurationList;
			buildConfigurations = (
				46CEC7202EAC89BD005EBDD5 /* Debug */,
				46CEC7212EAC89BD005EBDD5 /* Release */,
			);
			defaultConfigurationIsVisible = 0;
			defaultConfigurationName = Release;
		};
		46CEC7222EAC89BD005EBDD5 /* Build configuration list for PBXNativeTarget "CameraMeasurementAppUITests" */ = {
			isa = XCConfigurationList;
			buildConfigurations = (
				46CEC7232EAC89BD005EBDD5 /* Debug */,
				46CEC7242EAC89BD005EBDD5 /* Release */,
			);
			defaultConfigurationIsVisible = 0;
			defaultConfigurationName = Release;
		};
/* End XCConfigurationList section */
	};
	rootObject = 46CEC6E92EAC89BA005EBDD5 /* Project object */;
}
